{
  "name": "npm_audit_test",
  "version": "1.0.0",
  "requires": {
    "marked": "0.6.3"
  },
  "dependencies": {
    "marked": {
      "version": "0.6.3",
      "requires": {
        "debug": "2.3.3",
        "lodash": "2.4.2"
      }
    },
    "debug": {
      "version": "2.3.3"
    },
    "lodash": {
      "version": "2.4.2"
    }
  }
}